
Microsoft Visual Studio Solution File, Format Version 12.00
# Visual Studio Version 17
VisualStudioVersion = 17.7.34031.279
MinimumVisualStudioVersion = 10.0.40219.1
Project("{FAE04EC0-301F-11D3-BF4B-00C04F79EFBC}") = "DesafioLuisAPI", "DesafioLuisAPI\DesafioLuisAPI.csproj", "{1CD78080-5400-46A8-AFA2-ECC43ABDBC57}"
EndProject
Global
	GlobalSection(SolutionConfigurationPlatforms) = preSolution
		Debug|Any CPU = Debug|Any CPU
		Release|Any CPU = Release|Any CPU
	EndGlobalSection
	GlobalSection(ProjectConfigurationPlatforms) = postSolution
		{1CD78080-5400-46A8-AFA2-ECC43ABDBC57}.Debug|Any CPU.ActiveCfg = Debug|Any CPU
		{1CD78080-5400-46A8-AFA2-ECC43ABDBC57}.Debug|Any CPU.Build.0 = Debug|Any CPU
		{1CD78080-5400-46A8-AFA2-ECC43ABDBC57}.Release|Any CPU.ActiveCfg = Release|Any CPU
		{1CD78080-5400-46A8-AFA2-ECC43ABDBC57}.Release|Any CPU.Build.0 = Release|Any CPU
	EndGlobalSection
	GlobalSection(SolutionProperties) = preSolution
		HideSolutionNode = FALSE
	EndGlobalSection
	GlobalSection(ExtensibilityGlobals) = postSolution
		SolutionGuid = {CEB8BA2A-FB9D-43F6-97E4-FDF13902FD85}
	EndGlobalSection
EndGlobal
